
Microsoft Visual Studio Solution File, Format Version 11.00
# Visual Studio 2010
Project("{FAE04EC0-301F-11D3-BF4B-00C04F79EFBC}") = "AlertAsyncSample", "AlertAsyncSample\AlertAsyncSample.csproj", "{C0A61912-DDA8-4E64-BA7E-DC68CA12180C}"
EndProject
Global
	GlobalSection(SolutionConfigurationPlatforms) = preSolution
		Debug|iPhoneSimulator = Debug|iPhoneSimulator
		Release|iPhoneSimulator = Release|iPhoneSimulator
		Debug|iPhone = Debug|iPhone
		Release|iPhone = Release|iPhone
		Ad-Hoc|iPhone = Ad-Hoc|iPhone
		AppStore|iPhone = AppStore|iPhone
	EndGlobalSection
	GlobalSection(ProjectConfigurationPlatforms) = postSolution
		{C0A61912-DDA8-4E64-BA7E-DC68CA12180C}.Ad-Hoc|iPhone.ActiveCfg = Ad-Hoc|iPhone
		{C0A61912-DDA8-4E64-BA7E-DC68CA12180C}.Ad-Hoc|iPhone.Build.0 = Ad-Hoc|iPhone
		{C0A61912-DDA8-4E64-BA7E-DC68CA12180C}.AppStore|iPhone.ActiveCfg = AppStore|iPhone
		{C0A61912-DDA8-4E64-BA7E-DC68CA12180C}.AppStore|iPhone.Build.0 = AppStore|iPhone
		{C0A61912-DDA8-4E64-BA7E-DC68CA12180C}.Debug|iPhone.ActiveCfg = Debug|iPhone
		{C0A61912-DDA8-4E64-BA7E-DC68CA12180C}.Debug|iPhone.Build.0 = Debug|iPhone
		{C0A61912-DDA8-4E64-BA7E-DC68CA12180C}.Debug|iPhoneSimulator.ActiveCfg = Debug|iPhoneSimulator
		{C0A61912-DDA8-4E64-BA7E-DC68CA12180C}.Debug|iPhoneSimulator.Build.0 = Debug|iPhoneSimulator
		{C0A61912-DDA8-4E64-BA7E-DC68CA12180C}.Release|iPhone.ActiveCfg = Release|iPhone
		{C0A61912-DDA8-4E64-BA7E-DC68CA12180C}.Release|iPhone.Build.0 = Release|iPhone
		{C0A61912-DDA8-4E64-BA7E-DC68CA12180C}.Release|iPhoneSimulator.ActiveCfg = Release|iPhoneSimulator
		{C0A61912-DDA8-4E64-BA7E-DC68CA12180C}.Release|iPhoneSimulator.Build.0 = Release|iPhoneSimulator
	EndGlobalSection
	GlobalSection(MonoDevelopProperties) = preSolution
		StartupItem = AlertAsyncSample\AlertAsyncSample.csproj
	EndGlobalSection
EndGlobal
